{
  "nodes": {
    "dotfiles": {
      "flake": false,
      "locked": {
        "lastModified": 1790362006,
        "narHash": "sha256-ZBK50uhAojgMbPh8+BJHDIVl5NR1KGu/+54PeHqfh7I=",
        "path": "/home/gav/Projects/dotfiles",
        "type": "path"
      },
      "original": {
        "path": "/home/gav/Projects/dotfiles",
        "type": "path"
      }
    },
    "flake-compat": {
      "flake": false,
      "locked": {
        "lastModified": 1767039857,
        "narHash": "sha256-vNpUSpF5Nuw8xvDLj2KCwwksIbjua2LZCqhV1LNRDns=",
        "owner": "NixOS",
        "repo": "flake-compat",
        "rev": "5edf11c44bc78a0d334f6334cdaf7d60d732daab",
        "type": "github"
      },
      "original": {
        "owner": "NixOS",
        "repo": "flake-compat",
        "type": "github"
      }
    },
    "flake-utils": {
      "inputs": {
        "systems": "systems"
      },
      "locked": {
        "lastModified": 1731533236,
        "narHash": "sha256-l0KFg5HjrsfsO/JpG+r7fRrqm12kzFHyUHqHCVpMMbI=",
        "owner": "numtide",
        "repo": "flake-utils",
        "rev": "11707dc2f618dd54ca8739b309ec4fc024de578b",
        "type": "github"
      },
      "original": {
        "owner": "numtide",
        "repo": "flake-utils",
        "type": "github"
      }
    },
    "flake-utils_2": {
      "inputs": {
        "systems": "systems_2"
      },
      "locked": {
        "lastModified": 1731533236,
        "narHash": "sha256-l0KFg5HjrsfsO/JpG+r7fRrqm12kzFHyUHqHCVpMMbI=",
        "owner": "numtide",
        "repo": "flake-utils",
        "rev": "11707dc2f618dd54ca8739b309ec4fc024de578b",
        "type": "github"
      },
      "original": {
        "owner": "numtide",
        "repo": "flake-utils",
        "type": "github"
      }
    },
    "home-manager": {
      "inputs": {
        "nixpkgs": [
          "nixpkgs"
        ]
      },
      "locked": {
        "lastModified": 1790359331,
        "narHash": "sha256-Obs1m3Rs5rTEWjZlOLSJYYAv7nEqQgogSMgWtOv8JBI=",
        "owner": "nix-community",
        "repo": "home-manager",
        "rev": "6fa0edfe6a025d4d98f44a6c0d704d690dce3378",
        "type": "github"
      },
      "original": {
        "owner": "nix-community",
        "repo": "home-manager",
        "type": "github"
      }
    },
    "hyprland-scroll-overview": {
      "flake": false,
      "locked": {
        "lastModified": 1789949463,
        "narHash": "sha256-EdtVRpwYkLtqTrNBA2VbGXpt7DMyMlRm6LCDNfI/1pU=",
        "owner": "yayuuu",
        "repo": "hyprland-scroll-overview",
        "rev": "10eeefa0519e09992b68a1d2949781a876230f5c",
        "type": "github"
      },
      "original": {
        "owner": "yayuuu",
        "repo": "hyprland-scroll-overview",
        "type": "github"
      }
    },
    "kineticwe": {
      "inputs": {
        "flake-utils": "flake-utils",
        "nixpkgs": [
          "nixpkgs"
        ],
        "noctalia": [
          "noctalia"
        ]
      },
      "locked": {
        "lastModified": 1790245831,
        "narHash": "sha256-yOF2a8OFBf1XtuVsvbtI+1rp3XIwAvNNYnGLVscc6sg=",
        "owner": "theblackdon",
        "repo": "kineticwe",
        "rev": "c2b82884fd3a3bb717158227a66af85d1517eeb2",
        "type": "gitlab"
      },
      "original": {
        "owner": "theblackdon",
        "repo": "kineticwe",
        "rev": "c2b82884fd3a3bb717158227a66af85d1517eeb2",
        "type": "gitlab"
      }
    },
    "millennium": {
      "inputs": {
        "millennium-src": "millennium-src",
        "nixpkgs": "nixpkgs"
      },
      "locked": {
        "dir": "packages/nix",
        "lastModified": 1789326337,
        "narHash": "sha256-FWRCpoKQ8TywKkcCFleTSZRQhbL12JmbFdisaeIRIJU=",
        "owner": "SteamClientHomebrew",
        "repo": "Millennium",
        "rev": "41f7356df31043e8c1429382dda95445530da987",
        "type": "github"
      },
      "original": {
        "dir": "packages/nix",
        "owner": "SteamClientHomebrew",
        "repo": "Millennium",
        "type": "github"
      }
    },
    "millennium-src": {
      "flake": false,
      "locked": {
        "lastModified": 1787082953,
        "narHash": "sha256-zgr4cdJfye4qunpD3ClNnZ9D1WPGQAXV0CnYwEbB52s=",
        "owner": "SteamClientHomebrew",
        "repo": "Millennium",
        "rev": "513b02e809b0eb120ecf0ae12e548798dd756323",
        "type": "github"
      },
      "original": {
        "owner": "SteamClientHomebrew",
        "repo": "Millennium",
        "rev": "513b02e809b0eb120ecf0ae12e548798dd756323",
        "type": "github"
      }
    },
    "nixos-hardware": {
      "inputs": {
        "nixpkgs": [
          "nixpkgs"
        ]
      },
      "locked": {
        "lastModified": 1790321948,
        "narHash": "sha256-mZGHLGi217oLIwzDM4PNRZeCNa6g2WBXURyXbNMFs7Y=",
        "owner": "NixOS",
        "repo": "nixos-hardware",
        "rev": "30d48a0ec6035f8140d0125af274f0de95f1e9b5",
        "type": "github"
      },
      "original": {
        "owner": "NixOS",
        "ref": "master",
        "repo": "nixos-hardware",
        "type": "github"
      }
    },
    "nixpkgs": {
      "locked": {
        "lastModified": 1781577229,
        "narHash": "sha256-lrp67w8AulE9Ks53n27I45ADSzbOCn4H+CNW1Ck8B+8=",
        "owner": "nixos",
        "repo": "nixpkgs",
        "rev": "567a49d1913ce81ac6e9582e3553dd90a955875f",
        "type": "github"
      },
      "original": {
        "owner": "nixos",
        "repo": "nixpkgs",
        "rev": "567a49d1913ce81ac6e9582e3553dd90a955875f",
        "type": "github"
      }
    },
    "nixpkgs_2": {
      "locked": {
        "lastModified": 1790185690,
        "narHash": "sha256-xJ+X4hBtOcAFGBOe5nAMyMUeF9foJBmIOu3NjBqBycU=",
        "owner": "nixos",
        "repo": "nixpkgs",
        "rev": "4975466d324710c576dc11ad614684e6bd8cad8e",
        "type": "github"
      },
      "original": {
        "owner": "nixos",
        "ref": "nixos-unstable",
        "repo": "nixpkgs",
        "type": "github"
      }
    },
    "noctalia": {
      "inputs": {
        "nixpkgs": [
          "nixpkgs"
        ]
      },
      "locked": {
        "lastModified": 1790356631,
        "narHash": "sha256-Xvp4Lk68uY+c+pcWsyRzLDyZOB0PtiIk9se/nANbeTg=",
        "owner": "noctalia-dev",
        "repo": "noctalia-shell",
        "rev": "ad4c5a3817ccb096d20f948b67eeee8d8ba75be3",
        "type": "github"
      },
      "original": {
        "owner": "noctalia-dev",
        "repo": "noctalia-shell",
        "type": "github"
      }
    },
    "qylock": {
      "inputs": {
        "flake-compat": "flake-compat",
        "flake-utils": "flake-utils_2",
        "nixpkgs": [
          "nixpkgs"
        ]
      },
      "locked": {
        "lastModified": 1789360700,
        "narHash": "sha256-ELHBl+9ueNJhoNYRioSIHb/K7f+SNsesG/+X5ijA+NA=",
        "owner": "Darkkal44",
        "repo": "qylock",
        "rev": "f6561e2ceae33f26e5e660742a5df2f725cbe514",
        "type": "github"
      },
      "original": {
        "owner": "Darkkal44",
        "repo": "qylock",
        "type": "github"
      }
    },
    "root": {
      "inputs": {
        "dotfiles": "dotfiles",
        "home-manager": "home-manager",
        "hyprland-scroll-overview": "hyprland-scroll-overview",
        "kineticwe": "kineticwe",
        "millennium": "millennium",
        "nixos-hardware": "nixos-hardware",
        "nixpkgs": "nixpkgs_2",
        "noctalia": "noctalia",
        "qylock": "qylock",
        "zen-browser": "zen-browser"
      }
    },
    "systems": {
      "locked": {
        "lastModified": 1681028828,
        "narHash": "sha256-Vy1rq5AaRuLzOxct8nz4T6wlgyUR7zLU309k9mBC768=",
        "owner": "nix-systems",
        "repo": "default",
        "rev": "da67096a3b9bf56a91d16901293e51ba5b49a27e",
        "type": "github"
      },
      "original": {
        "owner": "nix-systems",
        "repo": "default",
        "type": "github"
      }
    },
    "systems_2": {
      "locked": {
        "lastModified": 1681028828,
        "narHash": "sha256-Vy1rq5AaRuLzOxct8nz4T6wlgyUR7zLU309k9mBC768=",
        "owner": "nix-systems",
        "repo": "default",
        "rev": "da67096a3b9bf56a91d16901293e51ba5b49a27e",
        "type": "github"
      },
      "original": {
        "owner": "nix-systems",
        "repo": "default",
        "type": "github"
      }
    },
    "zen-browser": {
      "inputs": {
        "home-manager": [
          "home-manager"
        ],
        "nixpkgs": [
          "nixpkgs"
        ]
      },
      "locked": {
        "lastModified": 1790234305,
        "narHash": "sha256-zgshjjI5uhmRQor+bmXH4EYx/E0LUdJEqv0L8WnTFOw=",
        "owner": "0xc000022070",
        "repo": "zen-browser-flake",
        "rev": "2b7fec6557495d97736f1b31904f79312671ca2a",
        "type": "github"
      },
      "original": {
        "owner": "0xc000022070",
        "repo": "zen-browser-flake",
        "type": "github"
      }
    }
  },
  "root": "root",
  "version": 7
}
